
Microsoft Visual Studio Solution File, Format Version 12.00
# Visual Studio Version 17
VisualStudioVersion = 17.3.32901.215
MinimumVisualStudioVersion = 10.0.40219.1
Project("{FAE04EC0-301F-11D3-BF4B-00C04F79EFBC}") = "TextExtractionFunction", "TextExtractionFunction\TextExtractionFunction.csproj", "{F87136B9-633A-4BBC-8208-BFE1DDDEBDB1}"
EndProject
Global
	GlobalSection(SolutionConfigurationPlatforms) = preSolution
		Debug|Any CPU = Debug|Any CPU
		Release|Any CPU = Release|Any CPU
	EndGlobalSection
	GlobalSection(ProjectConfigurationPlatforms) = postSolution
		{F87136B9-633A-4BBC-8208-BFE1DDDEBDB1}.Debug|Any CPU.ActiveCfg = Debug|Any CPU
		{F87136B9-633A-4BBC-8208-BFE1DDDEBDB1}.Debug|Any CPU.Build.0 = Debug|Any CPU
		{F87136B9-633A-4BBC-8208-BFE1DDDEBDB1}.Release|Any CPU.ActiveCfg = Release|Any CPU
		{F87136B9-633A-4BBC-8208-BFE1DDDEBDB1}.Release|Any CPU.Build.0 = Release|Any CPU
	EndGlobalSection
	GlobalSection(SolutionProperties) = preSolution
		HideSolutionNode = FALSE
	EndGlobalSection
	GlobalSection(ExtensibilityGlobals) = postSolution
		SolutionGuid = {C5AA25DE-29A2-40C3-8A00-D070A05162EA}
	EndGlobalSection
EndGlobal
